<?xml version="1.0" encoding="UTF-8" standalone="yes" ?>
<CodeBlocks_project_file>
	<FileVersion major="1" minor="6" />
	<Project>
		<Option title="BeaEngineLib" />
		<Option pch_mode="2" />
		<Option compiler="gcc" />
		<Build>
			<Target title="aarch64-android">
				<Option output="aarch64-android/BeaEngineLib" prefix_auto="1" extension_auto="1" />
				<Option working_dir="" />
				<Option object_output="aarch64-android/" />
				<Option type="2" />
				<Option compiler="aarch64-linux-android" />
				<Option createDefFile="1" />
				<Compiler>
					<Add option="-O2" />
					<Add option="-Wall" />
				</Compiler>
				<Linker>
					<Add option="-s" />
				</Linker>
			</Target>
			<Target title="aarch64-linux">
				<Option output="aarch64-linux/BeaEngineLib" prefix_auto="1" extension_auto="1" />
				<Option working_dir="" />
				<Option object_output="aarch64-linux/" />
				<Option type="2" />
				<Option compiler="aarch64-linux-gnu" />
				<Option createDefFile="1" />
				<Compiler>
					<Add option="-O2" />
					<Add option="-Wall" />
				</Compiler>
				<Linker>
					<Add option="-s" />
				</Linker>
			</Target>
			<Target title="arm-android">
				<Option output="arm-android/BeaEngineLib" prefix_auto="1" extension_auto="1" />
				<Option working_dir="" />
				<Option object_output="arm-android/" />
				<Option type="2" />
				<Option compiler="arm-linux-androideabi" />
				<Option createDefFile="1" />
				<Compiler>
					<Add option="-O2" />
					<Add option="-Wall" />
				</Compiler>
				<Linker>
					<Add option="-s" />
				</Linker>
			</Target>
			<Target title="arm-linux">
				<Option output="arm-linux/BeaEngineLib" prefix_auto="1" extension_auto="1" />
				<Option working_dir="" />
				<Option object_output="arm-linux/" />
				<Option type="2" />
				<Option compiler="arm-linux-gnueabihf" />
				<Option createDefFile="1" />
				<Compiler>
					<Add option="-O2" />
					<Add option="-Wall" />
					<Add option="-mfloat-abi=hard" />
					<Add option="-mfpu=vfpv3-d16" />
					<Add option="-std=c11" />
				</Compiler>
				<Linker>
					<Add option="-s" />
				</Linker>
			</Target>
			<Target title="bcb-win32">
				<Option output="bcc32/libBeaEngineLib" prefix_auto="1" extension_auto="1" />
				<Option working_dir="" />
				<Option object_output="bcc32/" />
				<Option type="2" />
				<Option compiler="bcb-win32" />
				<Compiler>
					<Add option="-O2" />
				</Compiler>
			</Target>
			<Target title="bcb-win64">
				<Option output="bcc64/BeaEngineLib" prefix_auto="1" extension_auto="1" />
				<Option working_dir="" />
				<Option object_output="bcc64/" />
				<Option type="2" />
				<Option compiler="bcb-win64" />
				<Compiler>
					<Add option="-O2" />
				</Compiler>
			</Target>
			<Target title="i386-linux">
				<Option output="i386-linux/BeaEngineLib" prefix_auto="1" extension_auto="1" />
				<Option working_dir="" />
				<Option object_output="i386-linux/" />
				<Option type="2" />
				<Option compiler="x86_64-pc-linux-gnu" />
				<Option createDefFile="1" />
				<Compiler>
					<Add option="-O2" />
					<Add option="-Wall" />
					<Add option="-m32" />
				</Compiler>
				<Linker>
					<Add option="-s" />
					<Add option="-m32" />
				</Linker>
			</Target>
			<Target title="i386-win32">
				<Option output="i386-win32/BeaEngineLib" prefix_auto="1" extension_auto="1" />
				<Option working_dir="" />
				<Option object_output="i386-win32/" />
				<Option type="2" />
				<Option compiler="x86_64-w64-mingw32" />
				<Option createDefFile="1" />
				<Compiler>
					<Add option="-O2" />
					<Add option="-Wall" />
					<Add option="-m32" />
				</Compiler>
				<Linker>
					<Add option="-s" />
					<Add option="-m32" />
				</Linker>
			</Target>
			<Target title="loongarch64-linux">
				<Option output="loongarch64-linux/BeaEngineLib" prefix_auto="1" extension_auto="1" />
				<Option working_dir="" />
				<Option object_output="loongarch64-linux/" />
				<Option type="2" />
				<Option compiler="loongarch64-linux-gnu" />
				<Option createDefFile="1" />
				<Compiler>
					<Add option="-O2" />
					<Add option="-Wall" />
				</Compiler>
				<Linker>
					<Add option="-s" />
				</Linker>
			</Target>
			<Target title="x86_64-linux">
				<Option output="x86_64-linux/BeaEngineLib" prefix_auto="1" extension_auto="1" />
				<Option working_dir="" />
				<Option object_output="x86_64-linux/" />
				<Option type="2" />
				<Option compiler="x86_64-pc-linux-gnu" />
				<Option createDefFile="1" />
				<Compiler>
					<Add option="-O2" />
					<Add option="-Wall" />
					<Add option="-m64" />
				</Compiler>
				<Linker>
					<Add option="-s" />
					<Add option="-m64" />
				</Linker>
			</Target>
			<Target title="x86_64-win64">
				<Option output="x86_64-win64/BeaEngineLib" prefix_auto="1" extension_auto="1" />
				<Option working_dir="" />
				<Option object_output="x86_64-win64/" />
				<Option type="2" />
				<Option compiler="x86_64-w64-mingw32" />
				<Option createDefFile="1" />
				<Compiler>
					<Add option="-O2" />
					<Add option="-Wall" />
					<Add option="-m64" />
				</Compiler>
				<Linker>
					<Add option="-s" />
					<Add option="-m64" />
				</Linker>
			</Target>
		</Build>
		<VirtualTargets>
			<Add alias="all" targets="aarch64-android;aarch64-linux;arm-android;arm-linux;bcb-win32;bcb-win64;i386-linux;i386-win32;loongarch64-linux;x86_64-linux;x86_64-win64;" />
		</VirtualTargets>
		<Compiler>
			<Add option="-DBEA_ENGINE_STATIC" />
			<Add option="-DBEA_LACKS_SNPRINTF" />
			<Add directory="../include" />
		</Compiler>
		<Unit filename="../src/BeaEngine.c">
			<Option compilerVar="CC" />
		</Unit>
		<Extensions>
			<lib_finder disable_auto="1" />
		</Extensions>
	</Project>
</CodeBlocks_project_file>
